
Microsoft Visual Studio Solution File, Format Version 12.00
# Visual Studio Version 16
VisualStudioVersion = 16.0.30114.105
MinimumVisualStudioVersion = 10.0.40219.1
Project("{FAE04EC0-301F-11D3-BF4B-00C04F79EFBC}") = "EnvironmentSensorDashboard.API", "EnvironmentSensorDashboard.API\EnvironmentSensorDashboard.API.csproj", "{50F7C408-86AA-4779-9617-20B22A718BDD}"
EndProject
Project("{FAE04EC0-301F-11D3-BF4B-00C04F79EFBC}") = "EnvironmentSensorDashboard.Data", "EnvironmentSensorDashboard.Data\EnvironmentSensorDashboard.Data.csproj", "{1260780C-BCA5-4EEB-860B-9AB3C312A10C}"
EndProject
Project("{FAE04EC0-301F-11D3-BF4B-00C04F79EFBC}") = "EnvironmentSensorDashboard.Domain", "EnvironmentSensorDashboard.Domain\EnvironmentSensorDashboard.Domain.csproj", "{18D1175D-9579-4F5E-A634-5075676D4408}"
EndProject
Project("{FAE04EC0-301F-11D3-BF4B-00C04F79EFBC}") = "EnvironmentSensorDashboard.Poller", "EnvironmentSensorDashboard.Poller\EnvironmentSensorDashboard.Poller.csproj", "{9DE384CB-1E5D-47A7-93D4-EEED5E4616F2}"
EndProject
Global
	GlobalSection(SolutionConfigurationPlatforms) = preSolution
		Debug|Any CPU = Debug|Any CPU
		Debug|x64 = Debug|x64
		Debug|x86 = Debug|x86
		Release|Any CPU = Release|Any CPU
		Release|x64 = Release|x64
		Release|x86 = Release|x86
	EndGlobalSection
	GlobalSection(SolutionProperties) = preSolution
		HideSolutionNode = FALSE
	EndGlobalSection
	GlobalSection(ProjectConfigurationPlatforms) = postSolution
		{50F7C408-86AA-4779-9617-20B22A718BDD}.Debug|Any CPU.ActiveCfg = Debug|Any CPU
		{50F7C408-86AA-4779-9617-20B22A718BDD}.Debug|Any CPU.Build.0 = Debug|Any CPU
		{50F7C408-86AA-4779-9617-20B22A718BDD}.Debug|x64.ActiveCfg = Debug|Any CPU
		{50F7C408-86AA-4779-9617-20B22A718BDD}.Debug|x64.Build.0 = Debug|Any CPU
		{50F7C408-86AA-4779-9617-20B22A718BDD}.Debug|x86.ActiveCfg = Debug|Any CPU
		{50F7C408-86AA-4779-9617-20B22A718BDD}.Debug|x86.Build.0 = Debug|Any CPU
		{50F7C408-86AA-4779-9617-20B22A718BDD}.Release|Any CPU.ActiveCfg = Release|Any CPU
		{50F7C408-86AA-4779-9617-20B22A718BDD}.Release|Any CPU.Build.0 = Release|Any CPU
		{50F7C408-86AA-4779-9617-20B22A718BDD}.Release|x64.ActiveCfg = Release|Any CPU
		{50F7C408-86AA-4779-9617-20B22A718BDD}.Release|x64.Build.0 = Release|Any CPU
		{50F7C408-86AA-4779-9617-20B22A718BDD}.Release|x86.ActiveCfg = Release|Any CPU
		{50F7C408-86AA-4779-9617-20B22A718BDD}.Release|x86.Build.0 = Release|Any CPU
		{1260780C-BCA5-4EEB-860B-9AB3C312A10C}.Debug|Any CPU.ActiveCfg = Debug|Any CPU
		{1260780C-BCA5-4EEB-860B-9AB3C312A10C}.Debug|Any CPU.Build.0 = Debug|Any CPU
		{1260780C-BCA5-4EEB-860B-9AB3C312A10C}.Debug|x64.ActiveCfg = Debug|Any CPU
		{1260780C-BCA5-4EEB-860B-9AB3C312A10C}.Debug|x64.Build.0 = Debug|Any CPU
		{1260780C-BCA5-4EEB-860B-9AB3C312A10C}.Debug|x86.ActiveCfg = Debug|Any CPU
		{1260780C-BCA5-4EEB-860B-9AB3C312A10C}.Debug|x86.Build.0 = Debug|Any CPU
		{1260780C-BCA5-4EEB-860B-9AB3C312A10C}.Release|Any CPU.ActiveCfg = Release|Any CPU
		{1260780C-BCA5-4EEB-860B-9AB3C312A10C}.Release|Any CPU.Build.0 = Release|Any CPU
		{1260780C-BCA5-4EEB-860B-9AB3C312A10C}.Release|x64.ActiveCfg = Release|Any CPU
		{1260780C-BCA5-4EEB-860B-9AB3C312A10C}.Release|x64.Build.0 = Release|Any CPU
		{1260780C-BCA5-4EEB-860B-9AB3C312A10C}.Release|x86.ActiveCfg = Release|Any CPU
		{1260780C-BCA5-4EEB-860B-9AB3C312A10C}.Release|x86.Build.0 = Release|Any CPU
		{18D1175D-9579-4F5E-A634-5075676D4408}.Debug|Any CPU.ActiveCfg = Debug|Any CPU
		{18D1175D-9579-4F5E-A634-5075676D4408}.Debug|Any CPU.Build.0 = Debug|Any CPU
		{18D1175D-9579-4F5E-A634-5075676D4408}.Debug|x64.ActiveCfg = Debug|Any CPU
		{18D1175D-9579-4F5E-A634-5075676D4408}.Debug|x64.Build.0 = Debug|Any CPU
		{18D1175D-9579-4F5E-A634-5075676D4408}.Debug|x86.ActiveCfg = Debug|Any CPU
		{18D1175D-9579-4F5E-A634-5075676D4408}.Debug|x86.Build.0 = Debug|Any CPU
		{18D1175D-9579-4F5E-A634-5075676D4408}.Release|Any CPU.ActiveCfg = Release|Any CPU
		{18D1175D-9579-4F5E-A634-5075676D4408}.Release|Any CPU.Build.0 = Release|Any CPU
		{18D1175D-9579-4F5E-A634-5075676D4408}.Release|x64.ActiveCfg = Release|Any CPU
		{18D1175D-9579-4F5E-A634-5075676D4408}.Release|x64.Build.0 = Release|Any CPU
		{18D1175D-9579-4F5E-A634-5075676D4408}.Release|x86.ActiveCfg = Release|Any CPU
		{18D1175D-9579-4F5E-A634-5075676D4408}.Release|x86.Build.0 = Release|Any CPU
		{9DE384CB-1E5D-47A7-93D4-EEED5E4616F2}.Debug|Any CPU.ActiveCfg = Debug|Any CPU
		{9DE384CB-1E5D-47A7-93D4-EEED5E4616F2}.Debug|Any CPU.Build.0 = Debug|Any CPU
		{9DE384CB-1E5D-47A7-93D4-EEED5E4616F2}.Debug|x64.ActiveCfg = Debug|Any CPU
		{9DE384CB-1E5D-47A7-93D4-EEED5E4616F2}.Debug|x64.Build.0 = Debug|Any CPU
		{9DE384CB-1E5D-47A7-93D4-EEED5E4616F2}.Debug|x86.ActiveCfg = Debug|Any CPU
		{9DE384CB-1E5D-47A7-93D4-EEED5E4616F2}.Debug|x86.Build.0 = Debug|Any CPU
		{9DE384CB-1E5D-47A7-93D4-EEED5E4616F2}.Release|Any CPU.ActiveCfg = Release|Any CPU
		{9DE384CB-1E5D-47A7-93D4-EEED5E4616F2}.Release|Any CPU.Build.0 = Release|Any CPU
		{9DE384CB-1E5D-47A7-93D4-EEED5E4616F2}.Release|x64.ActiveCfg = Release|Any CPU
		{9DE384CB-1E5D-47A7-93D4-EEED5E4616F2}.Release|x64.Build.0 = Release|Any CPU
		{9DE384CB-1E5D-47A7-93D4-EEED5E4616F2}.Release|x86.ActiveCfg = Release|Any CPU
		{9DE384CB-1E5D-47A7-93D4-EEED5E4616F2}.Release|x86.Build.0 = Release|Any CPU
	EndGlobalSection
EndGlobal
